
Microsoft Visual Studio Solution File, Format Version 12.00
# Visual Studio Version 16
VisualStudioVersion = 16.0.31005.135
MinimumVisualStudioVersion = 10.0.40219.1
Project("{9A19103F-16F7-4668-BE54-9A1E7A4F7556}") = "QnapBackupDecryptor.Console", "QnapBackupDecryptor.Console\QnapBackupDecryptor.Console.csproj", "{5F2A6DEE-4B0A-42A2-9583-5C5BFC40A704}"
EndProject
Project("{9A19103F-16F7-4668-BE54-9A1E7A4F7556}") = "QnapBackupDecryptor.Core", "QnapBackupDecryptor.Core\QnapBackupDecryptor.Core.csproj", "{95F53606-3B59-45CA-AA6A-D72BBA134149}"
EndProject
Project("{9A19103F-16F7-4668-BE54-9A1E7A4F7556}") = "QnapBackupDecryptor.Core.Tests", "QnapBackupDecryptor.Core.Tests\QnapBackupDecryptor.Core.Tests.csproj", "{E8CBC8A0-1B18-4430-B313-68CAC469514F}"
EndProject
Global
	GlobalSection(SolutionConfigurationPlatforms) = preSolution
		Debug|Any CPU = Debug|Any CPU
		Release|Any CPU = Release|Any CPU
	EndGlobalSection
	GlobalSection(ProjectConfigurationPlatforms) = postSolution
		{5F2A6DEE-4B0A-42A2-9583-5C5BFC40A704}.Debug|Any CPU.ActiveCfg = Debug|Any CPU
		{5F2A6DEE-4B0A-42A2-9583-5C5BFC40A704}.Debug|Any CPU.Build.0 = Debug|Any CPU
		{5F2A6DEE-4B0A-42A2-9583-5C5BFC40A704}.Release|Any CPU.ActiveCfg = Release|Any CPU
		{5F2A6DEE-4B0A-42A2-9583-5C5BFC40A704}.Release|Any CPU.Build.0 = Release|Any CPU
		{95F53606-3B59-45CA-AA6A-D72BBA134149}.Debug|Any CPU.ActiveCfg = Debug|Any CPU
		{95F53606-3B59-45CA-AA6A-D72BBA134149}.Debug|Any CPU.Build.0 = Debug|Any CPU
		{95F53606-3B59-45CA-AA6A-D72BBA134149}.Release|Any CPU.ActiveCfg = Release|Any CPU
		{95F53606-3B59-45CA-AA6A-D72BBA134149}.Release|Any CPU.Build.0 = Release|Any CPU
		{E8CBC8A0-1B18-4430-B313-68CAC469514F}.Debug|Any CPU.ActiveCfg = Debug|Any CPU
		{E8CBC8A0-1B18-4430-B313-68CAC469514F}.Debug|Any CPU.Build.0 = Debug|Any CPU
		{E8CBC8A0-1B18-4430-B313-68CAC469514F}.Release|Any CPU.ActiveCfg = Release|Any CPU
		{E8CBC8A0-1B18-4430-B313-68CAC469514F}.Release|Any CPU.Build.0 = Release|Any CPU
	EndGlobalSection
	GlobalSection(SolutionProperties) = preSolution
		HideSolutionNode = FALSE
	EndGlobalSection
	GlobalSection(ExtensibilityGlobals) = postSolution
		SolutionGuid = {7D068B49-E8DC-4B97-9361-081F7AF0C85F}
	EndGlobalSection
EndGlobal
